
Microsoft Visual Studio Solution File, Format Version 12.00
# Visual Studio Version 16
VisualStudioVersion = 16.0.31424.327
MinimumVisualStudioVersion = 10.0.40219.1
Project("{FAE04EC0-301F-11D3-BF4B-00C04F79EFBC}") = "GamblerGame", "GamblerGame.csproj", "{31A81D6B-7B91-435B-BDB9-FDE586562E5A}"
EndProject
Global
	GlobalSection(SolutionConfigurationPlatforms) = preSolution
		Debug|Any CPU = Debug|Any CPU
		Release|Any CPU = Release|Any CPU
	EndGlobalSection
	GlobalSection(ProjectConfigurationPlatforms) = postSolution
		{31A81D6B-7B91-435B-BDB9-FDE586562E5A}.Debug|Any CPU.ActiveCfg = Debug|Any CPU
		{31A81D6B-7B91-435B-BDB9-FDE586562E5A}.Debug|Any CPU.Build.0 = Debug|Any CPU
		{31A81D6B-7B91-435B-BDB9-FDE586562E5A}.Release|Any CPU.ActiveCfg = Release|Any CPU
		{31A81D6B-7B91-435B-BDB9-FDE586562E5A}.Release|Any CPU.Build.0 = Release|Any CPU
	EndGlobalSection
	GlobalSection(SolutionProperties) = preSolution
		HideSolutionNode = FALSE
	EndGlobalSection
	GlobalSection(ExtensibilityGlobals) = postSolution
		SolutionGuid = {28A60A13-7FDB-4995-BCAD-1C927653C790}
	EndGlobalSection
EndGlobal
